// !$*UTF8*$!
{
	archiveVersion = 1;
	classes = {
	};
	objectVersion = 46;
	objects = {

/* Begin PBXBuildFile section */
		7F5D625F190EF4AC00B6FF3E /* Foundation.framework in Frameworks */ = {isa = PBXBuildFile; fileRef = 7F5D625E190EF4AC00B6FF3E /* Foundation.framework */; };
		7F5D6261190EF4AC00B6FF3E /* CoreGraphics.framework in Frameworks */ = {isa = PBXBuildFile; fileRef = 7F5D6260190EF4AC00B6FF3E /* CoreGraphics.framework */; };
		7F5D6263190EF4AC00B6FF3E /* UIKit.framework in Frameworks */ = {isa = PBXBuildFile; fileRef = 7F5D6262190EF4AC00B6FF3E /* UIKit.framework */; };
		7F5D6269190EF4AC00B6FF3E /* InfoPlist.strings in Resources */ = {isa = PBXBuildFile; fileRef = 7F5D6267190EF4AC00B6FF3E /* InfoPlist.strings */; };
		7F5D626B190EF4AC00B6FF3E /* main.m in Sources */ = {isa = PBXBuildFile; fileRef = 7F5D626A190EF4AC00B6FF3E /* main.m */; };
		7F5D626F190EF4AC00B6FF3E /* CSAppDelegate.m in Sources */ = {isa = PBXBuildFile; fileRef = 7F5D626E190EF4AC00B6FF3E /* CSAppDelegate.m */; };
		7F5D6272190EF4AC00B6FF3E /* Main.storyboard in Resources */ = {isa = PBXBuildFile; fileRef = 7F5D6270190EF4AC00B6FF3E /* Main.storyboard */; };
		7F5D6275190EF4AC00B6FF3E /* CSViewController.m in Sources */ = {isa = PBXBuildFile; fileRef = 7F5D6274190EF4AC00B6FF3E /* CSViewController.m */; };
		7F5D6277190EF4AC00B6FF3E /* Images.xcassets in Resources */ = {isa = PBXBuildFile; fileRef = 7F5D6276190EF4AC00B6FF3E /* Images.xcassets */; };
		7F5D627E190EF4AC00B6FF3E /* XCTest.framework in Frameworks */ = {isa = PBXBuildFile; fileRef = 7F5D627D190EF4AC00B6FF3E /* XCTest.framework */; };
		7F5D627F190EF4AC00B6FF3E /* Foundation.framework in Frameworks */ = {isa = PBXBuildFile; fileRef = 7F5D625E190EF4AC00B6FF3E /* Foundation.framework */; };
		7F5D6280190EF4AC00B6FF3E /* UIKit.framework in Frameworks */ = {isa = PBXBuildFile; fileRef = 7F5D6262190EF4AC00B6FF3E /* UIKit.framework */; };
		7F5D6288190EF4AC00B6FF3E /* InfoPlist.strings in Resources */ = {isa = PBXBuildFile; fileRef = 7F5D6286190EF4AC00B6FF3E /* InfoPlist.strings */; };
		7F5D628A190EF4AC00B6FF3E /* SimpleBannerTests.m in Sources */ = {isa = PBXBuildFile; fileRef = 7F5D6289190EF4AC00B6FF3E /* SimpleBannerTests.m */; };
/* End PBXBuildFile section */

/* Begin PBXContainerItemProxy section */
		7F5D6281190EF4AC00B6FF3E /* PBXContainerItemProxy */ = {
			isa = PBXContainerItemProxy;
			containerPortal = 7F5D6253190EF4AC00B6FF3E /* Project object */;
			proxyType = 1;
			remoteGlobalIDString = 7F5D625A190EF4AC00B6FF3E;
			remoteInfo = SimpleBanner;
		};
/* End PBXContainerItemProxy section */

/* Begin PBXFileReference section */
		7F5D625B190EF4AC00B6FF3E /* SimpleBanner.app */ = {isa = PBXFileReference; explicitFileType = wrapper.application; includeInIndex = 0; path = SimpleBanner.app; sourceTree = BUILT_PRODUCTS_DIR; };
		7F5D625E190EF4AC00B6FF3E /* Foundation.framework */ = {isa = PBXFileReference; lastKnownFileType = wrapper.framework; name = Foundation.framework; path = System/Library/Frameworks/Foundation.framework; sourceTree = SDKROOT; };
		7F5D6260190EF4AC00B6FF3E /* CoreGraphics.framework */ = {isa = PBXFileReference; lastKnownFileType = wrapper.framework; name = CoreGraphics.framework; path = System/Library/Frameworks/CoreGraphics.framework; sourceTree = SDKROOT; };
		7F5D6262190EF4AC00B6FF3E /* UIKit.framework */ = {isa = PBXFileReference; lastKnownFileType = wrapper.framework; name = UIKit.framework; path = System/Library/Frameworks/UIKit.framework; sourceTree = SDKROOT; };
		7F5D6266190EF4AC00B6FF3E /* SimpleBanner-Info.plist */ = {isa = PBXFileReference; lastKnownFileType = text.plist.xml; path = "SimpleBanner-Info.plist"; sourceTree = "<group>"; };
		7F5D6268190EF4AC00B6FF3E /* en */ = {isa = PBXFileReference; lastKnownFileType = text.plist.strings; name = en; path = en.lproj/InfoPlist.strings; sourceTree = "<group>"; };
		7F5D626A190EF4AC00B6FF3E /* main.m */ = {isa = PBXFileReference; lastKnownFileType = sourcecode.c.objc; path = main.m; sourceTree = "<group>"; };
		7F5D626C190EF4AC00B6FF3E /* SimpleBanner-Prefix.pch */ = {isa = PBXFileReference; lastKnownFileType = sourcecode.c.h; path = "SimpleBanner-Prefix.pch"; sourceTree = "<group>"; };
		7F5D626D190EF4AC00B6FF3E /* CSAppDelegate.h */ = {isa = PBXFileReference; lastKnownFileType = sourcecode.c.h; path = CSAppDelegate.h; sourceTree = "<group>"; };
		7F5D626E190EF4AC00B6FF3E /* CSAppDelegate.m */ = {isa = PBXFileReference; lastKnownFileType = sourcecode.c.objc; path = CSAppDelegate.m; sourceTree = "<group>"; };
		7F5D6271190EF4AC00B6FF3E /* Base */ = {isa = PBXFileReference; lastKnownFileType = file.storyboard; name = Base; path = Base.lproj/Main.storyboard; sourceTree = "<group>"; };
		7F5D6273190EF4AC00B6FF3E /* CSViewController.h */ = {isa = PBXFileReference; lastKnownFileType = sourcecode.c.h; path = CSViewController.h; sourceTree = "<group>"; };
		7F5D6274190EF4AC00B6FF3E /* CSViewController.m */ = {isa = PBXFileReference; lastKnownFileType = sourcecode.c.objc; path = CSViewController.m; sourceTree = "<group>"; };
		7F5D6276190EF4AC00B6FF3E /* Images.xcassets */ = {isa = PBXFileReference; lastKnownFileType = folder.assetcatalog; path = Images.xcassets; sourceTree = "<group>"; };
		7F5D627C190EF4AC00B6FF3E /* SimpleBannerTests.xctest */ = {isa = PBXFileReference; explicitFileType = wrapper.cfbundle; includeInIndex = 0; path = SimpleBannerTests.xctest; sourceTree = BUILT_PRODUCTS_DIR; };
		7F5D627D190EF4AC00B6FF3E /* XCTest.framework */ = {isa = PBXFileReference; lastKnownFileType = wrapper.framework; name = XCTest.framework; path = Library/Frameworks/XCTest.framework; sourceTree = DEVELOPER_DIR; };
		7F5D6285190EF4AC00B6FF3E /* SimpleBannerTests-Info.plist */ = {isa = PBXFileReference; lastKnownFileType = text.plist.xml; path = "SimpleBannerTests-Info.plist"; sourceTree = "<group>"; };
		7F5D6287190EF4AC00B6FF3E /* en */ = {isa = PBXFileReference; lastKnownFileType = text.plist.strings; name = en; path = en.lproj/InfoPlist.strings; sourceTree = "<group>"; };
		7F5D6289190EF4AC00B6FF3E /* SimpleBannerTests.m */ = {isa = PBXFileReference; lastKnownFileType = sourcecode.c.objc; path = SimpleBannerTests.m; sourceTree = "<group>"; };
/* End PBXFileReference section */

/* Begin PBXFrameworksBuildPhase section */
		7F5D6258190EF4AC00B6FF3E /* Frameworks */ = {
			isa = PBXFrameworksBuildPhase;
			buildActionMask = 2147483647;
			files = (
				7F5D6261190EF4AC00B6FF3E /* CoreGraphics.framework in Frameworks */,
				7F5D6263190EF4AC00B6FF3E /* UIKit.framework in Frameworks */,
				7F5D625F190EF4AC00B6FF3E /* Foundation.framework in Frameworks */,
			);
			runOnlyForDeploymentPostprocessing = 0;
		};
		7F5D6279190EF4AC00B6FF3E /* Frameworks */ = {
			isa = PBXFrameworksBuildPhase;
			buildActionMask = 2147483647;
			files = (
				7F5D627E190EF4AC00B6FF3E /* XCTest.framework in Frameworks */,
				7F5D6280190EF4AC00B6FF3E /* UIKit.framework in Frameworks */,
				7F5D627F190EF4AC00B6FF3E /* Foundation.framework in Frameworks */,
			);
			runOnlyForDeploymentPostprocessing = 0;
		};
/* End PBXFrameworksBuildPhase section */

/* Begin PBXGroup section */
		7F5D6252190EF4AC00B6FF3E = {
			isa = PBXGroup;
			children = (
				7F5D6264190EF4AC00B6FF3E /* SimpleBanner */,
				7F5D6283190EF4AC00B6FF3E /* SimpleBannerTests */,
				7F5D625D190EF4AC00B6FF3E /* Frameworks */,
				7F5D625C190EF4AC00B6FF3E /* Products */,
			);
			sourceTree = "<group>";
		};
		7F5D625C190EF4AC00B6FF3E /* Products */ = {
			isa = PBXGroup;
			children = (
				7F5D625B190EF4AC00B6FF3E /* SimpleBanner.app */,
				7F5D627C190EF4AC00B6FF3E /* SimpleBannerTests.xctest */,
			);
			name = Products;
			sourceTree = "<group>";
		};
		7F5D625D190EF4AC00B6FF3E /* Frameworks */ = {
			isa = PBXGroup;
			children = (
				7F5D625E190EF4AC00B6FF3E /* Foundation.framework */,
				7F5D6260190EF4AC00B6FF3E /* CoreGraphics.framework */,
				7F5D6262190EF4AC00B6FF3E /* UIKit.framework */,
				7F5D627D190EF4AC00B6FF3E /* XCTest.framework */,
			);
			name = Frameworks;
			sourceTree = "<group>";
		};
		7F5D6264190EF4AC00B6FF3E /* SimpleBanner */ = {
			isa = PBXGroup;
			children = (
				7F5D626D190EF4AC00B6FF3E /* CSAppDelegate.h */,
				7F5D626E190EF4AC00B6FF3E /* CSAppDelegate.m */,
				7F5D6270190EF4AC00B6FF3E /* Main.storyboard */,
				7F5D6273190EF4AC00B6FF3E /* CSViewController.h */,
				7F5D6274190EF4AC00B6FF3E /* CSViewController.m */,
				7F5D6276190EF4AC00B6FF3E /* Images.xcassets */,
				7F5D6265190EF4AC00B6FF3E /* Supporting Files */,
			);
			path = SimpleBanner;
			sourceTree = "<group>";
		};
		7F5D6265190EF4AC00B6FF3E /* Supporting Files */ = {
			isa = PBXGroup;
			children = (
				7F5D6266190EF4AC00B6FF3E /* SimpleBanner-Info.plist */,
				7F5D6267190EF4AC00B6FF3E /* InfoPlist.strings */,
				7F5D626A190EF4AC00B6FF3E /* main.m */,
				7F5D626C190EF4AC00B6FF3E /* SimpleBanner-Prefix.pch */,
			);
			name = "Supporting Files";
			sourceTree = "<group>";
		};
		7F5D6283190EF4AC00B6FF3E /* SimpleBannerTests */ = {
			isa = PBXGroup;
			children = (
				7F5D6289190EF4AC00B6FF3E /* SimpleBannerTests.m */,
				7F5D6284190EF4AC00B6FF3E /* Supporting Files */,
			);
			path = SimpleBannerTests;
			sourceTree = "<group>";
		};
		7F5D6284190EF4AC00B6FF3E /* Supporting Files */ = {
			isa = PBXGroup;
			children = (
				7F5D6285190EF4AC00B6FF3E /* SimpleBannerTests-Info.plist */,
				7F5D6286190EF4AC00B6FF3E /* InfoPlist.strings */,
			);
			name = "Supporting Files";
			sourceTree = "<group>";
		};
/* End PBXGroup section */

/* Begin PBXNativeTarget section */
		7F5D625A190EF4AC00B6FF3E /* SimpleBanner */ = {
			isa = PBXNativeTarget;
			buildConfigurationList = 7F5D628D190EF4AC00B6FF3E /* Build configuration list for PBXNativeTarget "SimpleBanner" */;
			buildPhases = (
				7F5D6257190EF4AC00B6FF3E /* Sources */,
				7F5D6258190EF4AC00B6FF3E /* Frameworks */,
				7F5D6259190EF4AC00B6FF3E /* Resources */,
			);
			buildRules = (
			);
			dependencies = (
			);
			name = SimpleBanner;
			productName = SimpleBanner;
			productReference = 7F5D625B190EF4AC00B6FF3E /* SimpleBanner.app */;
			productType = "com.apple.product-type.application";
		};
		7F5D627B190EF4AC00B6FF3E /* SimpleBannerTests */ = {
			isa = PBXNativeTarget;
			buildConfigurationList = 7F5D6290190EF4AC00B6FF3E /* Build configuration list for PBXNativeTarget "SimpleBannerTests" */;
			buildPhases = (
				7F5D6278190EF4AC00B6FF3E /* Sources */,
				7F5D6279190EF4AC00B6FF3E /* Frameworks */,
				7F5D627A190EF4AC00B6FF3E /* Resources */,
			);
			buildRules = (
			);
			dependencies = (
				7F5D6282190EF4AC00B6FF3E /* PBXTargetDependency */,
			);
			name = SimpleBannerTests;
			productName = SimpleBannerTests;
			productReference = 7F5D627C190EF4AC00B6FF3E /* SimpleBannerTests.xctest */;
			productType = "com.apple.product-type.bundle.unit-test";
		};
/* End PBXNativeTarget section */

/* Begin PBXProject section */
		7F5D6253190EF4AC00B6FF3E /* Project object */ = {
			isa = PBXProject;
			attributes = {
				CLASSPREFIX = CS;
				LastUpgradeCheck = 0510;
				ORGANIZATIONNAME = CommuteStream;
				TargetAttributes = {
					7F5D627B190EF4AC00B6FF3E = {
						TestTargetID = 7F5D625A190EF4AC00B6FF3E;
					};
				};
			};
			buildConfigurationList = 7F5D6256190EF4AC00B6FF3E /* Build configuration list for PBXProject "SimpleBanner" */;
			compatibilityVersion = "Xcode 3.2";
			developmentRegion = English;
			hasScannedForEncodings = 0;
			knownRegions = (
				en,
				Base,
			);
			mainGroup = 7F5D6252190EF4AC00B6FF3E;
			productRefGroup = 7F5D625C190EF4AC00B6FF3E /* Products */;
			projectDirPath = "";
			projectRoot = "";
			targets = (
				7F5D625A190EF4AC00B6FF3E /* SimpleBanner */,
				7F5D627B190EF4AC00B6FF3E /* SimpleBannerTests */,
			);
		};
/* End PBXProject section */

/* Begin PBXResourcesBuildPhase section */
		7F5D6259190EF4AC00B6FF3E /* Resources */ = {
			isa = PBXResourcesBuildPhase;
			buildActionMask = 2147483647;
			files = (
				7F5D6277190EF4AC00B6FF3E /* Images.xcassets in Resources */,
				7F5D6269190EF4AC00B6FF3E /* InfoPlist.strings in Resources */,
				7F5D6272190EF4AC00B6FF3E /* Main.storyboard in Resources */,
			);
			runOnlyForDeploymentPostprocessing = 0;
		};
		7F5D627A190EF4AC00B6FF3E /* Resources */ = {
			isa = PBXResourcesBuildPhase;
			buildActionMask = 2147483647;
			files = (
				7F5D6288190EF4AC00B6FF3E /* InfoPlist.strings in Resources */,
			);
			runOnlyForDeploymentPostprocessing = 0;
		};
/* End PBXResourcesBuildPhase section */

/* Begin PBXSourcesBuildPhase section */
		7F5D6257190EF4AC00B6FF3E /* Sources */ = {
			isa = PBXSourcesBuildPhase;
			buildActionMask = 2147483647;
			files = (
				7F5D626F190EF4AC00B6FF3E /* CSAppDelegate.m in Sources */,
				7F5D626B190EF4AC00B6FF3E /* main.m in Sources */,
				7F5D6275190EF4AC00B6FF3E /* CSViewController.m in Sources */,
			);
			runOnlyForDeploymentPostprocessing = 0;
		};
		7F5D6278190EF4AC00B6FF3E /* Sources */ = {
			isa = PBXSourcesBuildPhase;
			buildActionMask = 2147483647;
			files = (
				7F5D628A190EF4AC00B6FF3E /* SimpleBannerTests.m in Sources */,
			);
			runOnlyForDeploymentPostprocessing = 0;
		};
/* End PBXSourcesBuildPhase section */

/* Begin PBXTargetDependency section */
		7F5D6282190EF4AC00B6FF3E /* PBXTargetDependency */ = {
			isa = PBXTargetDependency;
			target = 7F5D625A190EF4AC00B6FF3E /* SimpleBanner */;
			targetProxy = 7F5D6281190EF4AC00B6FF3E /* PBXContainerItemProxy */;
		};
/* End PBXTargetDependency section */

/* Begin PBXVariantGroup section */
		7F5D6267190EF4AC00B6FF3E /* InfoPlist.strings */ = {
			isa = PBXVariantGroup;
			children = (
				7F5D6268190EF4AC00B6FF3E /* en */,
			);
			name = InfoPlist.strings;
			sourceTree = "<group>";
		};
		7F5D6270190EF4AC00B6FF3E /* Main.storyboard */ = {
			isa = PBXVariantGroup;
			children = (
				7F5D6271190EF4AC00B6FF3E /* Base */,
			);
			name = Main.storyboard;
			sourceTree = "<group>";
		};
		7F5D6286190EF4AC00B6FF3E /* InfoPlist.strings */ = {
			isa = PBXVariantGroup;
			children = (
				7F5D6287190EF4AC00B6FF3E /* en */,
			);
			name = InfoPlist.strings;
			sourceTree = "<group>";
		};
/* End PBXVariantGroup section */

/* Begin XCBuildConfiguration section */
		7F5D628B190EF4AC00B6FF3E /* Debug */ = {
			isa = XCBuildConfiguration;
			buildSettings = {
				ALWAYS_SEARCH_USER_PATHS = NO;
				CLANG_CXX_LANGUAGE_STANDARD = "gnu++0x";
				CLANG_CXX_LIBRARY = "libc++";
				CLANG_ENABLE_MODULES = YES;
				CLANG_ENABLE_OBJC_ARC = YES;
				CLANG_WARN_BOOL_CONVERSION = YES;
				CLANG_WARN_CONSTANT_CONVERSION = YES;
				CLANG_WARN_DIRECT_OBJC_ISA_USAGE = YES_ERROR;
				CLANG_WARN_EMPTY_BODY = YES;
				CLANG_WARN_ENUM_CONVERSION = YES;
				CLANG_WARN_INT_CONVERSION = YES;
				CLANG_WARN_OBJC_ROOT_CLASS = YES_ERROR;
				CLANG_WARN__DUPLICATE_METHOD_MATCH = YES;
				"CODE_SIGN_IDENTITY[sdk=iphoneos*]" = "iPhone Developer";
				COPY_PHASE_STRIP = NO;
				GCC_C_LANGUAGE_STANDARD = gnu99;
				GCC_DYNAMIC_NO_PIC = NO;
				GCC_OPTIMIZATION_LEVEL = 0;
				GCC_PREPROCESSOR_DEFINITIONS = (
					"DEBUG=1",
					"$(inherited)",
				);
				GCC_SYMBOLS_PRIVATE_EXTERN = NO;
				GCC_WARN_64_TO_32_BIT_CONVERSION = YES;
				GCC_WARN_ABOUT_RETURN_TYPE = YES_ERROR;
				GCC_WARN_UNDECLARED_SELECTOR = YES;
				GCC_WARN_UNINITIALIZED_AUTOS = YES_AGGRESSIVE;
				GCC_WARN_UNUSED_FUNCTION = YES;
				GCC_WARN_UNUSED_VARIABLE = YES;
				IPHONEOS_DEPLOYMENT_TARGET = 7.1;
				ONLY_ACTIVE_ARCH = YES;
				SDKROOT = iphoneos;
			};
			name = Debug;
		};
		7F5D628C190EF4AC00B6FF3E /* Release */ = {
			isa = XCBuildConfiguration;
			buildSettings = {
				ALWAYS_SEARCH_USER_PATHS = NO;
				CLANG_CXX_LANGUAGE_STANDARD = "gnu++0x";
				CLANG_CXX_LIBRARY = "libc++";
				CLANG_ENABLE_MODULES = YES;
				CLANG_ENABLE_OBJC_ARC = YES;
				CLANG_WARN_BOOL_CONVERSION = YES;
				CLANG_WARN_CONSTANT_CONVERSION = YES;
				CLANG_WARN_DIRECT_OBJC_ISA_USAGE = YES_ERROR;
				CLANG_WARN_EMPTY_BODY = YES;
				CLANG_WARN_ENUM_CONVERSION = YES;
				CLANG_WARN_INT_CONVERSION = YES;
				CLANG_WARN_OBJC_ROOT_CLASS = YES_ERROR;
				CLANG_WARN__DUPLICATE_METHOD_MATCH = YES;
				"CODE_SIGN_IDENTITY[sdk=iphoneos*]" = "iPhone Developer";
				COPY_PHASE_STRIP = YES;
				ENABLE_NS_ASSERTIONS = NO;
				GCC_C_LANGUAGE_STANDARD = gnu99;
				GCC_WARN_64_TO_32_BIT_CONVERSION = YES;
				GCC_WARN_ABOUT_RETURN_TYPE = YES_ERROR;
				GCC_WARN_UNDECLARED_SELECTOR = YES;
				GCC_WARN_UNINITIALIZED_AUTOS = YES_AGGRESSIVE;
				GCC_WARN_UNUSED_FUNCTION = YES;
				GCC_WARN_UNUSED_VARIABLE = YES;
				IPHONEOS_DEPLOYMENT_TARGET = 7.1;
				SDKROOT = iphoneos;
				VALIDATE_PRODUCT = YES;
			};
			name = Release;
		};
		7F5D628E190EF4AC00B6FF3E /* Debug */ = {
			isa = XCBuildConfiguration;
			buildSettings = {
				ASSETCATALOG_COMPILER_APPICON_NAME = AppIcon;
				ASSETCATALOG_COMPILER_LAUNCHIMAGE_NAME = LaunchImage;
				GCC_PRECOMPILE_PREFIX_HEADER = YES;
				GCC_PREFIX_HEADER = "SimpleBanner/SimpleBanner-Prefix.pch";
				INFOPLIST_FILE = "SimpleBanner/SimpleBanner-Info.plist";
				PRODUCT_NAME = "$(TARGET_NAME)";
				WRAPPER_EXTENSION = app;
			};
			name = Debug;
		};
		7F5D628F190EF4AC00B6FF3E /* Release */ = {
			isa = XCBuildConfiguration;
			buildSettings = {
				ASSETCATALOG_COMPILER_APPICON_NAME = AppIcon;
				ASSETCATALOG_COMPILER_LAUNCHIMAGE_NAME = LaunchImage;
				GCC_PRECOMPILE_PREFIX_HEADER = YES;
				GCC_PREFIX_HEADER = "SimpleBanner/SimpleBanner-Prefix.pch";
				INFOPLIST_FILE = "SimpleBanner/SimpleBanner-Info.plist";
				PRODUCT_NAME = "$(TARGET_NAME)";
				WRAPPER_EXTENSION = app;
			};
			name = Release;
		};
		7F5D6291190EF4AC00B6FF3E /* Debug */ = {
			isa = XCBuildConfiguration;
			buildSettings = {
				BUNDLE_LOADER = "$(BUILT_PRODUCTS_DIR)/SimpleBanner.app/SimpleBanner";
				FRAMEWORK_SEARCH_PATHS = (
					"$(SDKROOT)/Developer/Library/Frameworks",
					"$(inherited)",
					"$(DEVELOPER_FRAMEWORKS_DIR)",
				);
				GCC_PRECOMPILE_PREFIX_HEADER = YES;
				GCC_PREFIX_HEADER = "SimpleBanner/SimpleBanner-Prefix.pch";
				GCC_PREPROCESSOR_DEFINITIONS = (
					"DEBUG=1",
					"$(inherited)",
				);
				INFOPLIST_FILE = "SimpleBannerTests/SimpleBannerTests-Info.plist";
				PRODUCT_NAME = "$(TARGET_NAME)";
				TEST_HOST = "$(BUNDLE_LOADER)";
				WRAPPER_EXTENSION = xctest;
			};
			name = Debug;
		};
		7F5D6292190EF4AC00B6FF3E /* Release */ = {
			isa = XCBuildConfiguration;
			buildSettings = {
				BUNDLE_LOADER = "$(BUILT_PRODUCTS_DIR)/SimpleBanner.app/SimpleBanner";
				FRAMEWORK_SEARCH_PATHS = (
					"$(SDKROOT)/Developer/Library/Frameworks",
					"$(inherited)",
					"$(DEVELOPER_FRAMEWORKS_DIR)",
				);
				GCC_PRECOMPILE_PREFIX_HEADER = YES;
				GCC_PREFIX_HEADER = "SimpleBanner/SimpleBanner-Prefix.pch";
				INFOPLIST_FILE = "SimpleBannerTests/SimpleBannerTests-Info.plist";
				PRODUCT_NAME = "$(TARGET_NAME)";
				TEST_HOST = "$(BUNDLE_LOADER)";
				WRAPPER_EXTENSION = xctest;
			};
			name = Release;
		};
/* End XCBuildConfiguration section */

/* Begin XCConfigurationList section */
		7F5D6256190EF4AC00B6FF3E /* Build configuration list for PBXProject "SimpleBanner" */ = {
			isa = XCConfigurationList;
			buildConfigurations = (
				7F5D628B190EF4AC00B6FF3E /* Debug */,
				7F5D628C190EF4AC00B6FF3E /* Release */,
			);
			defaultConfigurationIsVisible = 0;
			defaultConfigurationName = Release;
		};
		7F5D628D190EF4AC00B6FF3E /* Build configuration list for PBXNativeTarget "SimpleBanner" */ = {
			isa = XCConfigurationList;
			buildConfigurations = (
				7F5D628E190EF4AC00B6FF3E /* Debug */,
				7F5D628F190EF4AC00B6FF3E /* Release */,
			);
			defaultConfigurationIsVisible = 0;
		};
		7F5D6290190EF4AC00B6FF3E /* Build configuration list for PBXNativeTarget "SimpleBannerTests" */ = {
			isa = XCConfigurationList;
			buildConfigurations = (
				7F5D6291190EF4AC00B6FF3E /* Debug */,
				7F5D6292190EF4AC00B6FF3E /* Release */,
			);
			defaultConfigurationIsVisible = 0;
		};
/* End XCConfigurationList section */
	};
	rootObject = 7F5D6253190EF4AC00B6FF3E /* Project object */;
}
