// !$*UTF8*$!
{
	archiveVersion = 1;
	classes = {
	};
	objectVersion = 46;
	objects = {

/* Begin PBXBuildFile section */
		7F2367D81917F25E00E3B73C /* libCommuteStream.a in Frameworks */ = {isa = PBXBuildFile; fileRef = 7F2367D71917F25D00E3B73C /* libCommuteStream.a */; };
		7F5D625F190EF4AC00B6FF3E /* Foundation.framework in Frameworks */ = {isa = PBXBuildFile; fileRef = 7F5D625E190EF4AC00B6FF3E /* Foundation.framework */; };
		7F5D6261190EF4AC00B6FF3E /* CoreGraphics.framework in Frameworks */ = {isa = PBXBuildFile; fileRef = 7F5D6260190EF4AC00B6FF3E /* CoreGraphics.framework */; };
		7F5D6263190EF4AC00B6FF3E /* UIKit.framework in Frameworks */ = {isa = PBXBuildFile; fileRef = 7F5D6262190EF4AC00B6FF3E /* UIKit.framework */; };
		7F5D6269190EF4AC00B6FF3E /* InfoPlist.strings in Resources */ = {isa = PBXBuildFile; fileRef = 7F5D6267190EF4AC00B6FF3E /* InfoPlist.strings */; };
		7F5D626B190EF4AC00B6FF3E /* main.m in Sources */ = {isa = PBXBuildFile; fileRef = 7F5D626A190EF4AC00B6FF3E /* main.m */; };
		7F5D626F190EF4AC00B6FF3E /* CSAppDelegate.m in Sources */ = {isa = PBXBuildFile; fileRef = 7F5D626E190EF4AC00B6FF3E /* CSAppDelegate.m */; };
		7F5D6272190EF4AC00B6FF3E /* Main.storyboard in Resources */ = {isa = PBXBuildFile; fileRef = 7F5D6270190EF4AC00B6FF3E /* Main.storyboard */; };
		7F5D6275190EF4AC00B6FF3E /* CSViewController.m in Sources */ = {isa = PBXBuildFile; fileRef = 7F5D6274190EF4AC00B6FF3E /* CSViewController.m */; };
		7F5D6277190EF4AC00B6FF3E /* Images.xcassets in Resources */ = {isa = PBXBuildFile; fileRef = 7F5D6276190EF4AC00B6FF3E /* Images.xcassets */; };
		7F5D627E190EF4AC00B6FF3E /* XCTest.framework in Frameworks */ = {isa = PBXBuildFile; fileRef = 7F5D627D190EF4AC00B6FF3E /* XCTest.framework */; };
		7F5D627F190EF4AC00B6FF3E /* Foundation.framework in Frameworks */ = {isa = PBXBuildFile; fileRef = 7F5D625E190EF4AC00B6FF3E /* Foundation.framework */; };
		7F5D6280190EF4AC00B6FF3E /* UIKit.framework in Frameworks */ = {isa = PBXBuildFile; fileRef = 7F5D6262190EF4AC00B6FF3E /* UIKit.framework */; };
		7F5D6288190EF4AC00B6FF3E /* InfoPlist.strings in Resources */ = {isa = PBXBuildFile; fileRef = 7F5D6286190EF4AC00B6FF3E /* InfoPlist.strings */; };
		7F5D628A190EF4AC00B6FF3E /* SimpleBannerTests.m in Sources */ = {isa = PBXBuildFile; fileRef = 7F5D6289190EF4AC00B6FF3E /* SimpleBannerTests.m */; };
		7F5D629D190EF9F500B6FF3E /* libGoogleAdMobAds.a in Frameworks */ = {isa = PBXBuildFile; fileRef = 7F5D629C190EF9F500B6FF3E /* libGoogleAdMobAds.a */; };
		7F5D62A5190EFA8D00B6FF3E /* AdSupport.framework in Frameworks */ = {isa = PBXBuildFile; fileRef = 7F5D629E190EFA8D00B6FF3E /* AdSupport.framework */; };
		7F5D62A6190EFA8D00B6FF3E /* AudioToolbox.framework in Frameworks */ = {isa = PBXBuildFile; fileRef = 7F5D629F190EFA8D00B6FF3E /* AudioToolbox.framework */; };
		7F5D62A7190EFA8D00B6FF3E /* AVFoundation.framework in Frameworks */ = {isa = PBXBuildFile; fileRef = 7F5D62A0190EFA8D00B6FF3E /* AVFoundation.framework */; };
		7F5D62A8190EFA8D00B6FF3E /* CoreTelephony.framework in Frameworks */ = {isa = PBXBuildFile; fileRef = 7F5D62A1190EFA8D00B6FF3E /* CoreTelephony.framework */; };
		7F5D62A9190EFA8D00B6FF3E /* MessageUI.framework in Frameworks */ = {isa = PBXBuildFile; fileRef = 7F5D62A2190EFA8D00B6FF3E /* MessageUI.framework */; };
		7F5D62AA190EFA8D00B6FF3E /* StoreKit.framework in Frameworks */ = {isa = PBXBuildFile; fileRef = 7F5D62A3190EFA8D00B6FF3E /* StoreKit.framework */; };
		7F5D62AB190EFA8D00B6FF3E /* SystemConfiguration.framework in Frameworks */ = {isa = PBXBuildFile; fileRef = 7F5D62A4190EFA8D00B6FF3E /* SystemConfiguration.framework */; };
		7F5D62B7190FC4FD00B6FF3E /* crisp_banner.jpg in Resources */ = {isa = PBXBuildFile; fileRef = 7F5D62B6190FC4FD00B6FF3E /* crisp_banner.jpg */; };
/* End PBXBuildFile section */

/* Begin PBXContainerItemProxy section */
		7F5D6281190EF4AC00B6FF3E /* PBXContainerItemProxy */ = {
			isa = PBXContainerItemProxy;
			containerPortal = 7F5D6253190EF4AC00B6FF3E /* Project object */;
			proxyType = 1;
			remoteGlobalIDString = 7F5D625A190EF4AC00B6FF3E;
			remoteInfo = SimpleBanner;
		};
/* End PBXContainerItemProxy section */

/* Begin PBXFileReference section */
		7F2367C81917F25D00E3B73C /* NSAlert+MKNetworkKitAdditions.h */ = {isa = PBXFileReference; fileEncoding = 4; lastKnownFileType = sourcecode.c.h; path = "NSAlert+MKNetworkKitAdditions.h"; sourceTree = "<group>"; };
		7F2367C91917F25D00E3B73C /* NSData+MKBase64.h */ = {isa = PBXFileReference; fileEncoding = 4; lastKnownFileType = sourcecode.c.h; path = "NSData+MKBase64.h"; sourceTree = "<group>"; };
		7F2367CA1917F25D00E3B73C /* NSDate+RFC1123.h */ = {isa = PBXFileReference; fileEncoding = 4; lastKnownFileType = sourcecode.c.h; path = "NSDate+RFC1123.h"; sourceTree = "<group>"; };
		7F2367CB1917F25D00E3B73C /* NSDictionary+RequestEncoding.h */ = {isa = PBXFileReference; fileEncoding = 4; lastKnownFileType = sourcecode.c.h; path = "NSDictionary+RequestEncoding.h"; sourceTree = "<group>"; };
		7F2367CC1917F25D00E3B73C /* NSString+MKNetworkKitAdditions.h */ = {isa = PBXFileReference; fileEncoding = 4; lastKnownFileType = sourcecode.c.h; path = "NSString+MKNetworkKitAdditions.h"; sourceTree = "<group>"; };
		7F2367CD1917F25D00E3B73C /* UIAlertView+MKNetworkKitAdditions.h */ = {isa = PBXFileReference; fileEncoding = 4; lastKnownFileType = sourcecode.c.h; path = "UIAlertView+MKNetworkKitAdditions.h"; sourceTree = "<group>"; };
		7F2367CE1917F25D00E3B73C /* UIImageView+MKNetworkKitAdditions.h */ = {isa = PBXFileReference; fileEncoding = 4; lastKnownFileType = sourcecode.c.h; path = "UIImageView+MKNetworkKitAdditions.h"; sourceTree = "<group>"; };
		7F2367CF1917F25D00E3B73C /* CommuteStream.h */ = {isa = PBXFileReference; fileEncoding = 4; lastKnownFileType = sourcecode.c.h; path = CommuteStream.h; sourceTree = "<group>"; };
		7F2367D01917F25D00E3B73C /* CSCustomBanner.h */ = {isa = PBXFileReference; fileEncoding = 4; lastKnownFileType = sourcecode.c.h; path = CSCustomBanner.h; sourceTree = "<group>"; };
		7F2367D11917F25D00E3B73C /* CSNetworkEngine.h */ = {isa = PBXFileReference; fileEncoding = 4; lastKnownFileType = sourcecode.c.h; path = CSNetworkEngine.h; sourceTree = "<group>"; };
		7F2367D21917F25D00E3B73C /* MKNetworkEngine.h */ = {isa = PBXFileReference; fileEncoding = 4; lastKnownFileType = sourcecode.c.h; path = MKNetworkEngine.h; sourceTree = "<group>"; };
		7F2367D31917F25D00E3B73C /* MKNetworkKit.h */ = {isa = PBXFileReference; fileEncoding = 4; lastKnownFileType = sourcecode.c.h; path = MKNetworkKit.h; sourceTree = "<group>"; };
		7F2367D41917F25D00E3B73C /* MKNetworkOperation.h */ = {isa = PBXFileReference; fileEncoding = 4; lastKnownFileType = sourcecode.c.h; path = MKNetworkOperation.h; sourceTree = "<group>"; };
		7F2367D61917F25D00E3B73C /* Reachability.h */ = {isa = PBXFileReference; fileEncoding = 4; lastKnownFileType = sourcecode.c.h; path = Reachability.h; sourceTree = "<group>"; };
		7F2367D71917F25D00E3B73C /* libCommuteStream.a */ = {isa = PBXFileReference; lastKnownFileType = archive.ar; path = libCommuteStream.a; sourceTree = "<group>"; };
		7F5D625B190EF4AC00B6FF3E /* SimpleBanner.app */ = {isa = PBXFileReference; explicitFileType = wrapper.application; includeInIndex = 0; path = SimpleBanner.app; sourceTree = BUILT_PRODUCTS_DIR; };
		7F5D625E190EF4AC00B6FF3E /* Foundation.framework */ = {isa = PBXFileReference; lastKnownFileType = wrapper.framework; name = Foundation.framework; path = System/Library/Frameworks/Foundation.framework; sourceTree = SDKROOT; };
		7F5D6260190EF4AC00B6FF3E /* CoreGraphics.framework */ = {isa = PBXFileReference; lastKnownFileType = wrapper.framework; name = CoreGraphics.framework; path = System/Library/Frameworks/CoreGraphics.framework; sourceTree = SDKROOT; };
		7F5D6262190EF4AC00B6FF3E /* UIKit.framework */ = {isa = PBXFileReference; lastKnownFileType = wrapper.framework; name = UIKit.framework; path = System/Library/Frameworks/UIKit.framework; sourceTree = SDKROOT; };
		7F5D6266190EF4AC00B6FF3E /* SimpleBanner-Info.plist */ = {isa = PBXFileReference; lastKnownFileType = text.plist.xml; path = "SimpleBanner-Info.plist"; sourceTree = "<group>"; };
		7F5D6268190EF4AC00B6FF3E /* en */ = {isa = PBXFileReference; lastKnownFileType = text.plist.strings; name = en; path = en.lproj/InfoPlist.strings; sourceTree = "<group>"; };
		7F5D626A190EF4AC00B6FF3E /* main.m */ = {isa = PBXFileReference; lastKnownFileType = sourcecode.c.objc; path = main.m; sourceTree = "<group>"; };
		7F5D626C190EF4AC00B6FF3E /* SimpleBanner-Prefix.pch */ = {isa = PBXFileReference; lastKnownFileType = sourcecode.c.h; path = "SimpleBanner-Prefix.pch"; sourceTree = "<group>"; };
		7F5D626D190EF4AC00B6FF3E /* CSAppDelegate.h */ = {isa = PBXFileReference; lastKnownFileType = sourcecode.c.h; path = CSAppDelegate.h; sourceTree = "<group>"; };
		7F5D626E190EF4AC00B6FF3E /* CSAppDelegate.m */ = {isa = PBXFileReference; lastKnownFileType = sourcecode.c.objc; path = CSAppDelegate.m; sourceTree = "<group>"; };
		7F5D6271190EF4AC00B6FF3E /* Base */ = {isa = PBXFileReference; lastKnownFileType = file.storyboard; name = Base; path = Base.lproj/Main.storyboard; sourceTree = "<group>"; };
		7F5D6273190EF4AC00B6FF3E /* CSViewController.h */ = {isa = PBXFileReference; lastKnownFileType = sourcecode.c.h; path = CSViewController.h; sourceTree = "<group>"; };
		7F5D6274190EF4AC00B6FF3E /* CSViewController.m */ = {isa = PBXFileReference; lastKnownFileType = sourcecode.c.objc; path = CSViewController.m; sourceTree = "<group>"; };
		7F5D6276190EF4AC00B6FF3E /* Images.xcassets */ = {isa = PBXFileReference; lastKnownFileType = folder.assetcatalog; path = Images.xcassets; sourceTree = "<group>"; };
		7F5D627C190EF4AC00B6FF3E /* SimpleBannerTests.xctest */ = {isa = PBXFileReference; explicitFileType = wrapper.cfbundle; includeInIndex = 0; path = SimpleBannerTests.xctest; sourceTree = BUILT_PRODUCTS_DIR; };
		7F5D627D190EF4AC00B6FF3E /* XCTest.framework */ = {isa = PBXFileReference; lastKnownFileType = wrapper.framework; name = XCTest.framework; path = Library/Frameworks/XCTest.framework; sourceTree = DEVELOPER_DIR; };
		7F5D6285190EF4AC00B6FF3E /* SimpleBannerTests-Info.plist */ = {isa = PBXFileReference; lastKnownFileType = text.plist.xml; path = "SimpleBannerTests-Info.plist"; sourceTree = "<group>"; };
		7F5D6287190EF4AC00B6FF3E /* en */ = {isa = PBXFileReference; lastKnownFileType = text.plist.strings; name = en; path = en.lproj/InfoPlist.strings; sourceTree = "<group>"; };
		7F5D6289190EF4AC00B6FF3E /* SimpleBannerTests.m */ = {isa = PBXFileReference; lastKnownFileType = sourcecode.c.objc; path = SimpleBannerTests.m; sourceTree = "<group>"; };
		7F5D6293190EF9F400B6FF3E /* GADAdMobExtras.h */ = {isa = PBXFileReference; fileEncoding = 4; lastKnownFileType = sourcecode.c.h; name = GADAdMobExtras.h; path = "Google AdMob/GADAdMobExtras.h"; sourceTree = "<group>"; };
		7F5D6294190EF9F400B6FF3E /* GADAdNetworkExtras.h */ = {isa = PBXFileReference; fileEncoding = 4; lastKnownFileType = sourcecode.c.h; name = GADAdNetworkExtras.h; path = "Google AdMob/GADAdNetworkExtras.h"; sourceTree = "<group>"; };
		7F5D6295190EF9F400B6FF3E /* GADAdSize.h */ = {isa = PBXFileReference; fileEncoding = 4; lastKnownFileType = sourcecode.c.h; name = GADAdSize.h; path = "Google AdMob/GADAdSize.h"; sourceTree = "<group>"; };
		7F5D6296190EF9F500B6FF3E /* GADBannerView.h */ = {isa = PBXFileReference; fileEncoding = 4; lastKnownFileType = sourcecode.c.h; name = GADBannerView.h; path = "Google AdMob/GADBannerView.h"; sourceTree = "<group>"; };
		7F5D6297190EF9F500B6FF3E /* GADBannerViewDelegate.h */ = {isa = PBXFileReference; fileEncoding = 4; lastKnownFileType = sourcecode.c.h; name = GADBannerViewDelegate.h; path = "Google AdMob/GADBannerViewDelegate.h"; sourceTree = "<group>"; };
		7F5D6298190EF9F500B6FF3E /* GADInterstitial.h */ = {isa = PBXFileReference; fileEncoding = 4; lastKnownFileType = sourcecode.c.h; name = GADInterstitial.h; path = "Google AdMob/GADInterstitial.h"; sourceTree = "<group>"; };
		7F5D6299190EF9F500B6FF3E /* GADInterstitialDelegate.h */ = {isa = PBXFileReference; fileEncoding = 4; lastKnownFileType = sourcecode.c.h; name = GADInterstitialDelegate.h; path = "Google AdMob/GADInterstitialDelegate.h"; sourceTree = "<group>"; };
		7F5D629A190EF9F500B6FF3E /* GADRequest.h */ = {isa = PBXFileReference; fileEncoding = 4; lastKnownFileType = sourcecode.c.h; name = GADRequest.h; path = "Google AdMob/GADRequest.h"; sourceTree = "<group>"; };
		7F5D629B190EF9F500B6FF3E /* GADRequestError.h */ = {isa = PBXFileReference; fileEncoding = 4; lastKnownFileType = sourcecode.c.h; name = GADRequestError.h; path = "Google AdMob/GADRequestError.h"; sourceTree = "<group>"; };
		7F5D629C190EF9F500B6FF3E /* libGoogleAdMobAds.a */ = {isa = PBXFileReference; lastKnownFileType = archive.ar; name = libGoogleAdMobAds.a; path = "Google AdMob/libGoogleAdMobAds.a"; sourceTree = "<group>"; };
		7F5D629E190EFA8D00B6FF3E /* AdSupport.framework */ = {isa = PBXFileReference; lastKnownFileType = wrapper.framework; name = AdSupport.framework; path = System/Library/Frameworks/AdSupport.framework; sourceTree = SDKROOT; };
		7F5D629F190EFA8D00B6FF3E /* AudioToolbox.framework */ = {isa = PBXFileReference; lastKnownFileType = wrapper.framework; name = AudioToolbox.framework; path = System/Library/Frameworks/AudioToolbox.framework; sourceTree = SDKROOT; };
		7F5D62A0190EFA8D00B6FF3E /* AVFoundation.framework */ = {isa = PBXFileReference; lastKnownFileType = wrapper.framework; name = AVFoundation.framework; path = System/Library/Frameworks/AVFoundation.framework; sourceTree = SDKROOT; };
		7F5D62A1190EFA8D00B6FF3E /* CoreTelephony.framework */ = {isa = PBXFileReference; lastKnownFileType = wrapper.framework; name = CoreTelephony.framework; path = System/Library/Frameworks/CoreTelephony.framework; sourceTree = SDKROOT; };
		7F5D62A2190EFA8D00B6FF3E /* MessageUI.framework */ = {isa = PBXFileReference; lastKnownFileType = wrapper.framework; name = MessageUI.framework; path = System/Library/Frameworks/MessageUI.framework; sourceTree = SDKROOT; };
		7F5D62A3190EFA8D00B6FF3E /* StoreKit.framework */ = {isa = PBXFileReference; lastKnownFileType = wrapper.framework; name = StoreKit.framework; path = System/Library/Frameworks/StoreKit.framework; sourceTree = SDKROOT; };
		7F5D62A4190EFA8D00B6FF3E /* SystemConfiguration.framework */ = {isa = PBXFileReference; lastKnownFileType = wrapper.framework; name = SystemConfiguration.framework; path = System/Library/Frameworks/SystemConfiguration.framework; sourceTree = SDKROOT; };
		7F5D62AC190F030E00B6FF3E /* GADCustomEventBanner.h */ = {isa = PBXFileReference; fileEncoding = 4; lastKnownFileType = sourcecode.c.h; name = GADCustomEventBanner.h; path = "Google AdMob/GADCustomEventBanner.h"; sourceTree = "<group>"; };
		7F5D62AD190F030E00B6FF3E /* GADCustomEventBannerDelegate.h */ = {isa = PBXFileReference; fileEncoding = 4; lastKnownFileType = sourcecode.c.h; name = GADCustomEventBannerDelegate.h; path = "Google AdMob/GADCustomEventBannerDelegate.h"; sourceTree = "<group>"; };
		7F5D62AE190F030E00B6FF3E /* GADCustomEventExtras.h */ = {isa = PBXFileReference; fileEncoding = 4; lastKnownFileType = sourcecode.c.h; name = GADCustomEventExtras.h; path = "Google AdMob/GADCustomEventExtras.h"; sourceTree = "<group>"; };
		7F5D62AF190F030E00B6FF3E /* GADCustomEventInterstitial.h */ = {isa = PBXFileReference; fileEncoding = 4; lastKnownFileType = sourcecode.c.h; name = GADCustomEventInterstitial.h; path = "Google AdMob/GADCustomEventInterstitial.h"; sourceTree = "<group>"; };
		7F5D62B0190F030E00B6FF3E /* GADCustomEventInterstitialDelegate.h */ = {isa = PBXFileReference; fileEncoding = 4; lastKnownFileType = sourcecode.c.h; name = GADCustomEventInterstitialDelegate.h; path = "Google AdMob/GADCustomEventInterstitialDelegate.h"; sourceTree = "<group>"; };
		7F5D62B1190F030E00B6FF3E /* GADCustomEventRequest.h */ = {isa = PBXFileReference; fileEncoding = 4; lastKnownFileType = sourcecode.c.h; name = GADCustomEventRequest.h; path = "Google AdMob/GADCustomEventRequest.h"; sourceTree = "<group>"; };
		7F5D62B6190FC4FD00B6FF3E /* crisp_banner.jpg */ = {isa = PBXFileReference; lastKnownFileType = image.jpeg; path = crisp_banner.jpg; sourceTree = "<group>"; };
/* End PBXFileReference section */

/* Begin PBXFrameworksBuildPhase section */
		7F5D6258190EF4AC00B6FF3E /* Frameworks */ = {
			isa = PBXFrameworksBuildPhase;
			buildActionMask = 2147483647;
			files = (
				7F5D62A5190EFA8D00B6FF3E /* AdSupport.framework in Frameworks */,
				7F5D62A6190EFA8D00B6FF3E /* AudioToolbox.framework in Frameworks */,
				7F5D62A7190EFA8D00B6FF3E /* AVFoundation.framework in Frameworks */,
				7F5D62A8190EFA8D00B6FF3E /* CoreTelephony.framework in Frameworks */,
				7F5D62A9190EFA8D00B6FF3E /* MessageUI.framework in Frameworks */,
				7F5D62AA190EFA8D00B6FF3E /* StoreKit.framework in Frameworks */,
				7F5D62AB190EFA8D00B6FF3E /* SystemConfiguration.framework in Frameworks */,
				7F5D6261190EF4AC00B6FF3E /* CoreGraphics.framework in Frameworks */,
				7F5D629D190EF9F500B6FF3E /* libGoogleAdMobAds.a in Frameworks */,
				7F5D6263190EF4AC00B6FF3E /* UIKit.framework in Frameworks */,
				7F2367D81917F25E00E3B73C /* libCommuteStream.a in Frameworks */,
				7F5D625F190EF4AC00B6FF3E /* Foundation.framework in Frameworks */,
			);
			runOnlyForDeploymentPostprocessing = 0;
		};
		7F5D6279190EF4AC00B6FF3E /* Frameworks */ = {
			isa = PBXFrameworksBuildPhase;
			buildActionMask = 2147483647;
			files = (
				7F5D627E190EF4AC00B6FF3E /* XCTest.framework in Frameworks */,
				7F5D6280190EF4AC00B6FF3E /* UIKit.framework in Frameworks */,
				7F5D627F190EF4AC00B6FF3E /* Foundation.framework in Frameworks */,
			);
			runOnlyForDeploymentPostprocessing = 0;
		};
/* End PBXFrameworksBuildPhase section */

/* Begin PBXGroup section */
		7F2367C51917F25D00E3B73C /* include */ = {
			isa = PBXGroup;
			children = (
				7F2367C61917F25D00E3B73C /* CommuteStream */,
			);
			path = include;
			sourceTree = "<group>";
		};
		7F2367C61917F25D00E3B73C /* CommuteStream */ = {
			isa = PBXGroup;
			children = (
				7F2367C71917F25D00E3B73C /* Categories */,
				7F2367CF1917F25D00E3B73C /* CommuteStream.h */,
				7F2367D01917F25D00E3B73C /* CSCustomBanner.h */,
				7F2367D11917F25D00E3B73C /* CSNetworkEngine.h */,
				7F2367D21917F25D00E3B73C /* MKNetworkEngine.h */,
				7F2367D31917F25D00E3B73C /* MKNetworkKit.h */,
				7F2367D41917F25D00E3B73C /* MKNetworkOperation.h */,
				7F2367D51917F25D00E3B73C /* Reachability */,
			);
			path = CommuteStream;
			sourceTree = "<group>";
		};
		7F2367C71917F25D00E3B73C /* Categories */ = {
			isa = PBXGroup;
			children = (
				7F2367C81917F25D00E3B73C /* NSAlert+MKNetworkKitAdditions.h */,
				7F2367C91917F25D00E3B73C /* NSData+MKBase64.h */,
				7F2367CA1917F25D00E3B73C /* NSDate+RFC1123.h */,
				7F2367CB1917F25D00E3B73C /* NSDictionary+RequestEncoding.h */,
				7F2367CC1917F25D00E3B73C /* NSString+MKNetworkKitAdditions.h */,
				7F2367CD1917F25D00E3B73C /* UIAlertView+MKNetworkKitAdditions.h */,
				7F2367CE1917F25D00E3B73C /* UIImageView+MKNetworkKitAdditions.h */,
			);
			path = Categories;
			sourceTree = "<group>";
		};
		7F2367D51917F25D00E3B73C /* Reachability */ = {
			isa = PBXGroup;
			children = (
				7F2367D61917F25D00E3B73C /* Reachability.h */,
			);
			path = Reachability;
			sourceTree = "<group>";
		};
		7F5D6252190EF4AC00B6FF3E = {
			isa = PBXGroup;
			children = (
				7F2367C51917F25D00E3B73C /* include */,
				7F2367D71917F25D00E3B73C /* libCommuteStream.a */,
				7F5D62AC190F030E00B6FF3E /* GADCustomEventBanner.h */,
				7F5D62AD190F030E00B6FF3E /* GADCustomEventBannerDelegate.h */,
				7F5D62AE190F030E00B6FF3E /* GADCustomEventExtras.h */,
				7F5D62AF190F030E00B6FF3E /* GADCustomEventInterstitial.h */,
				7F5D6297190EF9F500B6FF3E /* GADBannerViewDelegate.h */,
				7F5D62B1190F030E00B6FF3E /* GADCustomEventRequest.h */,
				7F5D6293190EF9F400B6FF3E /* GADAdMobExtras.h */,
				7F5D62B0190F030E00B6FF3E /* GADCustomEventInterstitialDelegate.h */,
				7F5D6294190EF9F400B6FF3E /* GADAdNetworkExtras.h */,
				7F5D6295190EF9F400B6FF3E /* GADAdSize.h */,
				7F5D6296190EF9F500B6FF3E /* GADBannerView.h */,
				7F5D6298190EF9F500B6FF3E /* GADInterstitial.h */,
				7F5D6299190EF9F500B6FF3E /* GADInterstitialDelegate.h */,
				7F5D629A190EF9F500B6FF3E /* GADRequest.h */,
				7F5D629B190EF9F500B6FF3E /* GADRequestError.h */,
				7F5D629C190EF9F500B6FF3E /* libGoogleAdMobAds.a */,
				7F5D62B5190FC4DA00B6FF3E /* Resources */,
				7F5D6264190EF4AC00B6FF3E /* SimpleBanner */,
				7F5D6283190EF4AC00B6FF3E /* SimpleBannerTests */,
				7F5D625D190EF4AC00B6FF3E /* Frameworks */,
				7F5D625C190EF4AC00B6FF3E /* Products */,
			);
			sourceTree = "<group>";
		};
		7F5D625C190EF4AC00B6FF3E /* Products */ = {
			isa = PBXGroup;
			children = (
				7F5D625B190EF4AC00B6FF3E /* SimpleBanner.app */,
				7F5D627C190EF4AC00B6FF3E /* SimpleBannerTests.xctest */,
			);
			name = Products;
			sourceTree = "<group>";
		};
		7F5D625D190EF4AC00B6FF3E /* Frameworks */ = {
			isa = PBXGroup;
			children = (
				7F5D629E190EFA8D00B6FF3E /* AdSupport.framework */,
				7F5D629F190EFA8D00B6FF3E /* AudioToolbox.framework */,
				7F5D62A0190EFA8D00B6FF3E /* AVFoundation.framework */,
				7F5D62A1190EFA8D00B6FF3E /* CoreTelephony.framework */,
				7F5D62A2190EFA8D00B6FF3E /* MessageUI.framework */,
				7F5D62A3190EFA8D00B6FF3E /* StoreKit.framework */,
				7F5D62A4190EFA8D00B6FF3E /* SystemConfiguration.framework */,
				7F5D625E190EF4AC00B6FF3E /* Foundation.framework */,
				7F5D6260190EF4AC00B6FF3E /* CoreGraphics.framework */,
				7F5D6262190EF4AC00B6FF3E /* UIKit.framework */,
				7F5D627D190EF4AC00B6FF3E /* XCTest.framework */,
			);
			name = Frameworks;
			sourceTree = "<group>";
		};
		7F5D6264190EF4AC00B6FF3E /* SimpleBanner */ = {
			isa = PBXGroup;
			children = (
				7F5D626D190EF4AC00B6FF3E /* CSAppDelegate.h */,
				7F5D626E190EF4AC00B6FF3E /* CSAppDelegate.m */,
				7F5D6270190EF4AC00B6FF3E /* Main.storyboard */,
				7F5D6273190EF4AC00B6FF3E /* CSViewController.h */,
				7F5D6274190EF4AC00B6FF3E /* CSViewController.m */,
				7F5D6276190EF4AC00B6FF3E /* Images.xcassets */,
				7F5D6265190EF4AC00B6FF3E /* Supporting Files */,
			);
			path = SimpleBanner;
			sourceTree = "<group>";
		};
		7F5D6265190EF4AC00B6FF3E /* Supporting Files */ = {
			isa = PBXGroup;
			children = (
				7F5D6266190EF4AC00B6FF3E /* SimpleBanner-Info.plist */,
				7F5D6267190EF4AC00B6FF3E /* InfoPlist.strings */,
				7F5D626A190EF4AC00B6FF3E /* main.m */,
				7F5D626C190EF4AC00B6FF3E /* SimpleBanner-Prefix.pch */,
			);
			name = "Supporting Files";
			sourceTree = "<group>";
		};
		7F5D6283190EF4AC00B6FF3E /* SimpleBannerTests */ = {
			isa = PBXGroup;
			children = (
				7F5D6289190EF4AC00B6FF3E /* SimpleBannerTests.m */,
				7F5D6284190EF4AC00B6FF3E /* Supporting Files */,
			);
			path = SimpleBannerTests;
			sourceTree = "<group>";
		};
		7F5D6284190EF4AC00B6FF3E /* Supporting Files */ = {
			isa = PBXGroup;
			children = (
				7F5D6285190EF4AC00B6FF3E /* SimpleBannerTests-Info.plist */,
				7F5D6286190EF4AC00B6FF3E /* InfoPlist.strings */,
			);
			name = "Supporting Files";
			sourceTree = "<group>";
		};
		7F5D62B5190FC4DA00B6FF3E /* Resources */ = {
			isa = PBXGroup;
			children = (
				7F5D62B6190FC4FD00B6FF3E /* crisp_banner.jpg */,
			);
			name = Resources;
			sourceTree = "<group>";
		};
/* End PBXGroup section */

/* Begin PBXNativeTarget section */
		7F5D625A190EF4AC00B6FF3E /* SimpleBanner */ = {
			isa = PBXNativeTarget;
			buildConfigurationList = 7F5D628D190EF4AC00B6FF3E /* Build configuration list for PBXNativeTarget "SimpleBanner" */;
			buildPhases = (
				7F5D6257190EF4AC00B6FF3E /* Sources */,
				7F5D6258190EF4AC00B6FF3E /* Frameworks */,
				7F5D6259190EF4AC00B6FF3E /* Resources */,
			);
			buildRules = (
			);
			dependencies = (
			);
			name = SimpleBanner;
			productName = SimpleBanner;
			productReference = 7F5D625B190EF4AC00B6FF3E /* SimpleBanner.app */;
			productType = "com.apple.product-type.application";
		};
		7F5D627B190EF4AC00B6FF3E /* SimpleBannerTests */ = {
			isa = PBXNativeTarget;
			buildConfigurationList = 7F5D6290190EF4AC00B6FF3E /* Build configuration list for PBXNativeTarget "SimpleBannerTests" */;
			buildPhases = (
				7F5D6278190EF4AC00B6FF3E /* Sources */,
				7F5D6279190EF4AC00B6FF3E /* Frameworks */,
				7F5D627A190EF4AC00B6FF3E /* Resources */,
			);
			buildRules = (
			);
			dependencies = (
				7F5D6282190EF4AC00B6FF3E /* PBXTargetDependency */,
			);
			name = SimpleBannerTests;
			productName = SimpleBannerTests;
			productReference = 7F5D627C190EF4AC00B6FF3E /* SimpleBannerTests.xctest */;
			productType = "com.apple.product-type.bundle.unit-test";
		};
/* End PBXNativeTarget section */

/* Begin PBXProject section */
		7F5D6253190EF4AC00B6FF3E /* Project object */ = {
			isa = PBXProject;
			attributes = {
				CLASSPREFIX = CS;
				LastUpgradeCheck = 0510;
				ORGANIZATIONNAME = CommuteStream;
				TargetAttributes = {
					7F5D625A190EF4AC00B6FF3E = {
						DevelopmentTeam = Y6K6VPLL5H;
					};
					7F5D627B190EF4AC00B6FF3E = {
						TestTargetID = 7F5D625A190EF4AC00B6FF3E;
					};
				};
			};
			buildConfigurationList = 7F5D6256190EF4AC00B6FF3E /* Build configuration list for PBXProject "SimpleBanner" */;
			compatibilityVersion = "Xcode 3.2";
			developmentRegion = English;
			hasScannedForEncodings = 0;
			knownRegions = (
				en,
				Base,
			);
			mainGroup = 7F5D6252190EF4AC00B6FF3E;
			productRefGroup = 7F5D625C190EF4AC00B6FF3E /* Products */;
			projectDirPath = "";
			projectRoot = "";
			targets = (
				7F5D625A190EF4AC00B6FF3E /* SimpleBanner */,
				7F5D627B190EF4AC00B6FF3E /* SimpleBannerTests */,
			);
		};
/* End PBXProject section */

/* Begin PBXResourcesBuildPhase section */
		7F5D6259190EF4AC00B6FF3E /* Resources */ = {
			isa = PBXResourcesBuildPhase;
			buildActionMask = 2147483647;
			files = (
				7F5D6277190EF4AC00B6FF3E /* Images.xcassets in Resources */,
				7F5D62B7190FC4FD00B6FF3E /* crisp_banner.jpg in Resources */,
				7F5D6269190EF4AC00B6FF3E /* InfoPlist.strings in Resources */,
				7F5D6272190EF4AC00B6FF3E /* Main.storyboard in Resources */,
			);
			runOnlyForDeploymentPostprocessing = 0;
		};
		7F5D627A190EF4AC00B6FF3E /* Resources */ = {
			isa = PBXResourcesBuildPhase;
			buildActionMask = 2147483647;
			files = (
				7F5D6288190EF4AC00B6FF3E /* InfoPlist.strings in Resources */,
			);
			runOnlyForDeploymentPostprocessing = 0;
		};
/* End PBXResourcesBuildPhase section */

/* Begin PBXSourcesBuildPhase section */
		7F5D6257190EF4AC00B6FF3E /* Sources */ = {
			isa = PBXSourcesBuildPhase;
			buildActionMask = 2147483647;
			files = (
				7F5D626F190EF4AC00B6FF3E /* CSAppDelegate.m in Sources */,
				7F5D626B190EF4AC00B6FF3E /* main.m in Sources */,
				7F5D6275190EF4AC00B6FF3E /* CSViewController.m in Sources */,
			);
			runOnlyForDeploymentPostprocessing = 0;
		};
		7F5D6278190EF4AC00B6FF3E /* Sources */ = {
			isa = PBXSourcesBuildPhase;
			buildActionMask = 2147483647;
			files = (
				7F5D628A190EF4AC00B6FF3E /* SimpleBannerTests.m in Sources */,
			);
			runOnlyForDeploymentPostprocessing = 0;
		};
/* End PBXSourcesBuildPhase section */

/* Begin PBXTargetDependency section */
		7F5D6282190EF4AC00B6FF3E /* PBXTargetDependency */ = {
			isa = PBXTargetDependency;
			target = 7F5D625A190EF4AC00B6FF3E /* SimpleBanner */;
			targetProxy = 7F5D6281190EF4AC00B6FF3E /* PBXContainerItemProxy */;
		};
/* End PBXTargetDependency section */

/* Begin PBXVariantGroup section */
		7F5D6267190EF4AC00B6FF3E /* InfoPlist.strings */ = {
			isa = PBXVariantGroup;
			children = (
				7F5D6268190EF4AC00B6FF3E /* en */,
			);
			name = InfoPlist.strings;
			sourceTree = "<group>";
		};
		7F5D6270190EF4AC00B6FF3E /* Main.storyboard */ = {
			isa = PBXVariantGroup;
			children = (
				7F5D6271190EF4AC00B6FF3E /* Base */,
			);
			name = Main.storyboard;
			sourceTree = "<group>";
		};
		7F5D6286190EF4AC00B6FF3E /* InfoPlist.strings */ = {
			isa = PBXVariantGroup;
			children = (
				7F5D6287190EF4AC00B6FF3E /* en */,
			);
			name = InfoPlist.strings;
			sourceTree = "<group>";
		};
/* End PBXVariantGroup section */

/* Begin XCBuildConfiguration section */
		7F5D628B190EF4AC00B6FF3E /* Debug */ = {
			isa = XCBuildConfiguration;
			buildSettings = {
				ALWAYS_SEARCH_USER_PATHS = NO;
				CLANG_CXX_LANGUAGE_STANDARD = "gnu++0x";
				CLANG_CXX_LIBRARY = "libc++";
				CLANG_ENABLE_MODULES = YES;
				CLANG_ENABLE_OBJC_ARC = YES;
				CLANG_WARN_BOOL_CONVERSION = YES;
				CLANG_WARN_CONSTANT_CONVERSION = YES;
				CLANG_WARN_DIRECT_OBJC_ISA_USAGE = YES_ERROR;
				CLANG_WARN_EMPTY_BODY = YES;
				CLANG_WARN_ENUM_CONVERSION = YES;
				CLANG_WARN_INT_CONVERSION = YES;
				CLANG_WARN_OBJC_ROOT_CLASS = YES_ERROR;
				CLANG_WARN__DUPLICATE_METHOD_MATCH = YES;
				"CODE_SIGN_IDENTITY[sdk=iphoneos*]" = "iPhone Developer";
				COPY_PHASE_STRIP = NO;
				GCC_C_LANGUAGE_STANDARD = gnu99;
				GCC_DYNAMIC_NO_PIC = NO;
				GCC_OPTIMIZATION_LEVEL = 0;
				GCC_PREPROCESSOR_DEFINITIONS = (
					"DEBUG=1",
					"$(inherited)",
				);
				GCC_SYMBOLS_PRIVATE_EXTERN = NO;
				GCC_WARN_64_TO_32_BIT_CONVERSION = YES;
				GCC_WARN_ABOUT_RETURN_TYPE = YES_ERROR;
				GCC_WARN_UNDECLARED_SELECTOR = YES;
				GCC_WARN_UNINITIALIZED_AUTOS = YES_AGGRESSIVE;
				GCC_WARN_UNUSED_FUNCTION = YES;
				GCC_WARN_UNUSED_VARIABLE = YES;
				IPHONEOS_DEPLOYMENT_TARGET = 6.0;
				ONLY_ACTIVE_ARCH = YES;
				SDKROOT = iphoneos;
			};
			name = Debug;
		};
		7F5D628C190EF4AC00B6FF3E /* Release */ = {
			isa = XCBuildConfiguration;
			buildSettings = {
				ALWAYS_SEARCH_USER_PATHS = NO;
				CLANG_CXX_LANGUAGE_STANDARD = "gnu++0x";
				CLANG_CXX_LIBRARY = "libc++";
				CLANG_ENABLE_MODULES = YES;
				CLANG_ENABLE_OBJC_ARC = YES;
				CLANG_WARN_BOOL_CONVERSION = YES;
				CLANG_WARN_CONSTANT_CONVERSION = YES;
				CLANG_WARN_DIRECT_OBJC_ISA_USAGE = YES_ERROR;
				CLANG_WARN_EMPTY_BODY = YES;
				CLANG_WARN_ENUM_CONVERSION = YES;
				CLANG_WARN_INT_CONVERSION = YES;
				CLANG_WARN_OBJC_ROOT_CLASS = YES_ERROR;
				CLANG_WARN__DUPLICATE_METHOD_MATCH = YES;
				"CODE_SIGN_IDENTITY[sdk=iphoneos*]" = "iPhone Developer";
				COPY_PHASE_STRIP = YES;
				ENABLE_NS_ASSERTIONS = NO;
				GCC_C_LANGUAGE_STANDARD = gnu99;
				GCC_WARN_64_TO_32_BIT_CONVERSION = YES;
				GCC_WARN_ABOUT_RETURN_TYPE = YES_ERROR;
				GCC_WARN_UNDECLARED_SELECTOR = YES;
				GCC_WARN_UNINITIALIZED_AUTOS = YES_AGGRESSIVE;
				GCC_WARN_UNUSED_FUNCTION = YES;
				GCC_WARN_UNUSED_VARIABLE = YES;
				IPHONEOS_DEPLOYMENT_TARGET = 6.0;
				SDKROOT = iphoneos;
				VALIDATE_PRODUCT = YES;
			};
			name = Release;
		};
		7F5D628E190EF4AC00B6FF3E /* Debug */ = {
			isa = XCBuildConfiguration;
			buildSettings = {
				ASSETCATALOG_COMPILER_APPICON_NAME = AppIcon;
				ASSETCATALOG_COMPILER_LAUNCHIMAGE_NAME = LaunchImage;
				CODE_SIGN_IDENTITY = "iPhone Developer";
				GCC_PRECOMPILE_PREFIX_HEADER = YES;
				GCC_PREFIX_HEADER = "SimpleBanner/SimpleBanner-Prefix.pch";
				INFOPLIST_FILE = "SimpleBanner/SimpleBanner-Info.plist";
				IPHONEOS_DEPLOYMENT_TARGET = 6.0;
				LIBRARY_SEARCH_PATHS = (
					"$(inherited)",
					"$(PROJECT_DIR)",
				);
				"OTHER_LDFLAGS[arch=*]" = "-ObjC";
				PRODUCT_NAME = "$(TARGET_NAME)";
				WRAPPER_EXTENSION = app;
			};
			name = Debug;
		};
		7F5D628F190EF4AC00B6FF3E /* Release */ = {
			isa = XCBuildConfiguration;
			buildSettings = {
				ASSETCATALOG_COMPILER_APPICON_NAME = AppIcon;
				ASSETCATALOG_COMPILER_LAUNCHIMAGE_NAME = LaunchImage;
				CODE_SIGN_IDENTITY = "iPhone Developer";
				GCC_PRECOMPILE_PREFIX_HEADER = YES;
				GCC_PREFIX_HEADER = "SimpleBanner/SimpleBanner-Prefix.pch";
				INFOPLIST_FILE = "SimpleBanner/SimpleBanner-Info.plist";
				IPHONEOS_DEPLOYMENT_TARGET = 6.0;
				LIBRARY_SEARCH_PATHS = (
					"$(inherited)",
					"$(PROJECT_DIR)",
				);
				"OTHER_LDFLAGS[arch=*]" = "-ObjC";
				PRODUCT_NAME = "$(TARGET_NAME)";
				WRAPPER_EXTENSION = app;
			};
			name = Release;
		};
		7F5D6291190EF4AC00B6FF3E /* Debug */ = {
			isa = XCBuildConfiguration;
			buildSettings = {
				BUNDLE_LOADER = "$(BUILT_PRODUCTS_DIR)/SimpleBanner.app/SimpleBanner";
				FRAMEWORK_SEARCH_PATHS = (
					"$(SDKROOT)/Developer/Library/Frameworks",
					"$(inherited)",
					"$(DEVELOPER_FRAMEWORKS_DIR)",
				);
				GCC_PRECOMPILE_PREFIX_HEADER = YES;
				GCC_PREFIX_HEADER = "SimpleBanner/SimpleBanner-Prefix.pch";
				GCC_PREPROCESSOR_DEFINITIONS = (
					"DEBUG=1",
					"$(inherited)",
				);
				INFOPLIST_FILE = "SimpleBannerTests/SimpleBannerTests-Info.plist";
				PRODUCT_NAME = "$(TARGET_NAME)";
				TEST_HOST = "$(BUNDLE_LOADER)";
				WRAPPER_EXTENSION = xctest;
			};
			name = Debug;
		};
		7F5D6292190EF4AC00B6FF3E /* Release */ = {
			isa = XCBuildConfiguration;
			buildSettings = {
				BUNDLE_LOADER = "$(BUILT_PRODUCTS_DIR)/SimpleBanner.app/SimpleBanner";
				FRAMEWORK_SEARCH_PATHS = (
					"$(SDKROOT)/Developer/Library/Frameworks",
					"$(inherited)",
					"$(DEVELOPER_FRAMEWORKS_DIR)",
				);
				GCC_PRECOMPILE_PREFIX_HEADER = YES;
				GCC_PREFIX_HEADER = "SimpleBanner/SimpleBanner-Prefix.pch";
				INFOPLIST_FILE = "SimpleBannerTests/SimpleBannerTests-Info.plist";
				PRODUCT_NAME = "$(TARGET_NAME)";
				TEST_HOST = "$(BUNDLE_LOADER)";
				WRAPPER_EXTENSION = xctest;
			};
			name = Release;
		};
/* End XCBuildConfiguration section */

/* Begin XCConfigurationList section */
		7F5D6256190EF4AC00B6FF3E /* Build configuration list for PBXProject "SimpleBanner" */ = {
			isa = XCConfigurationList;
			buildConfigurations = (
				7F5D628B190EF4AC00B6FF3E /* Debug */,
				7F5D628C190EF4AC00B6FF3E /* Release */,
			);
			defaultConfigurationIsVisible = 0;
			defaultConfigurationName = Release;
		};
		7F5D628D190EF4AC00B6FF3E /* Build configuration list for PBXNativeTarget "SimpleBanner" */ = {
			isa = XCConfigurationList;
			buildConfigurations = (
				7F5D628E190EF4AC00B6FF3E /* Debug */,
				7F5D628F190EF4AC00B6FF3E /* Release */,
			);
			defaultConfigurationIsVisible = 0;
			defaultConfigurationName = Release;
		};
		7F5D6290190EF4AC00B6FF3E /* Build configuration list for PBXNativeTarget "SimpleBannerTests" */ = {
			isa = XCConfigurationList;
			buildConfigurations = (
				7F5D6291190EF4AC00B6FF3E /* Debug */,
				7F5D6292190EF4AC00B6FF3E /* Release */,
			);
			defaultConfigurationIsVisible = 0;
			defaultConfigurationName = Release;
		};
/* End XCConfigurationList section */
	};
	rootObject = 7F5D6253190EF4AC00B6FF3E /* Project object */;
}
